
Microsoft Visual Studio Solution File, Format Version 12.00
# Visual Studio Version 16
VisualStudioVersion = 16.0.30204.135
MinimumVisualStudioVersion = 10.0.40219.1
Project("{FAE04EC0-301F-11D3-BF4B-00C04F79EFBC}") = "OefKlassesRecapWindowsFormsApp1708", "OefKlassesRecapWindowsFormsApp1708\OefKlassesRecapWindowsFormsApp1708.csproj", "{9DD4DFCA-1CBB-49D1-ADB8-FB1F82624366}"
EndProject
Global
	GlobalSection(SolutionConfigurationPlatforms) = preSolution
		Debug|Any CPU = Debug|Any CPU
		Release|Any CPU = Release|Any CPU
	EndGlobalSection
	GlobalSection(ProjectConfigurationPlatforms) = postSolution
		{9DD4DFCA-1CBB-49D1-ADB8-FB1F82624366}.Debug|Any CPU.ActiveCfg = Debug|Any CPU
		{9DD4DFCA-1CBB-49D1-ADB8-FB1F82624366}.Debug|Any CPU.Build.0 = Debug|Any CPU
		{9DD4DFCA-1CBB-49D1-ADB8-FB1F82624366}.Release|Any CPU.ActiveCfg = Release|Any CPU
		{9DD4DFCA-1CBB-49D1-ADB8-FB1F82624366}.Release|Any CPU.Build.0 = Release|Any CPU
	EndGlobalSection
	GlobalSection(SolutionProperties) = preSolution
		HideSolutionNode = FALSE
	EndGlobalSection
	GlobalSection(ExtensibilityGlobals) = postSolution
		SolutionGuid = {26CF97B8-3772-4814-A2DE-84F71A36BD11}
	EndGlobalSection
EndGlobal
